# Generated by pub
# See https://dart.dev/tools/pub/glossary#lockfile
packages:
  asuka:
    dependency: transitive
    description:
      name: asuka
      url: "https://pub.dartlang.org"
    source: hosted
    version: "2.0.0-nullsafety.3"
  async:
    dependency: transitive
    description:
      name: async
      url: "https://pub.dartlang.org"
    source: hosted
    version: "2.6.1"
  boolean_selector:
    dependency: transitive
    description:
      name: boolean_selector
      url: "https://pub.dartlang.org"
    source: hosted
    version: "2.1.0"
  carousel_slider:
    dependency: transitive
    description:
      name: carousel_slider
      url: "https://pub.dartlang.org"
    source: hosted
    version: "4.0.0"
  characters:
    dependency: transitive
    description:
      name: characters
      url: "https://pub.dartlang.org"
    source: hosted
    version: "1.1.0"
  charcode:
    dependency: transitive
    description:
      name: charcode
      url: "https://pub.dartlang.org"
    source: hosted
    version: "1.2.0"
  clock:
    dependency: transitive
    description:
      name: clock
      url: "https://pub.dartlang.org"
    source: hosted
    version: "1.1.0"
  collection:
    dependency: transitive
    description:
      name: collection
      url: "https://pub.dartlang.org"
    source: hosted
    version: "1.15.0"
  dartz:
    dependency: transitive
    description:
      name: dartz
      url: "https://pub.dartlang.org"
    source: hosted
    version: "0.10.0"
  dio:
    dependency: transitive
    description:
      name: dio
      url: "https://pub.dartlang.org"
    source: hosted
    version: "4.0.0"
  enum_to_string:
    dependency: transitive
    description:
      name: enum_to_string
      url: "https://pub.dartlang.org"
    source: hosted
    version: "2.0.1"
  fake_async:
    dependency: transitive
    description:
      name: fake_async
      url: "https://pub.dartlang.org"
    source: hosted
    version: "1.2.0"
  flut_micro_commons_dependencies:
    dependency: "direct main"
    description:
      path: "../flut_micro_commons_dependencies"
      relative: true
    source: path
    version: "0.0.1"
  flut_micro_commons_shared:
    dependency: "direct main"
    description:
      path: "../flut_micro_commons_shared"
      relative: true
    source: path
    version: "0.0.1"
  flutter:
    dependency: "direct main"
    description: flutter
    source: sdk
    version: "0.0.0"
  flutter_mobx:
    dependency: transitive
    description:
      name: flutter_mobx
      url: "https://pub.dartlang.org"
    source: hosted
    version: "2.0.2"
  flutter_modular:
    dependency: transitive
    description:
      name: flutter_modular
      url: "https://pub.dartlang.org"
    source: hosted
    version: "3.4.1+1"
  flutter_modular_annotations:
    dependency: transitive
    description:
      name: flutter_modular_annotations
      url: "https://pub.dartlang.org"
    source: hosted
    version: "0.0.2"
  flutter_svg:
    dependency: transitive
    description:
      name: flutter_svg
      url: "https://pub.dartlang.org"
    source: hosted
    version: "0.22.0"
  flutter_test:
    dependency: "direct dev"
    description: flutter
    source: sdk
    version: "0.0.0"
  http_parser:
    dependency: transitive
    description:
      name: http_parser
      url: "https://pub.dartlang.org"
    source: hosted
    version: "4.0.0"
  insta_like_button:
    dependency: transitive
    description:
      name: insta_like_button
      url: "https://pub.dartlang.org"
    source: hosted
    version: "0.1.1"
  intl:
    dependency: transitive
    description:
      name: intl
      url: "https://pub.dartlang.org"
    source: hosted
    version: "0.17.0"
  like_button:
    dependency: transitive
    description:
      name: like_button
      url: "https://pub.dartlang.org"
    source: hosted
    version: "2.0.3"
  localization:
    dependency: transitive
    description:
      name: localization
      url: "https://pub.dartlang.org"
    source: hosted
    version: "1.0.0"
  mask_text_input_formatter:
    dependency: transitive
    description:
      name: mask_text_input_formatter
      url: "https://pub.dartlang.org"
    source: hosted
    version: "2.0.0"
  matcher:
    dependency: transitive
    description:
      name: matcher
      url: "https://pub.dartlang.org"
    source: hosted
    version: "0.12.10"
  meta:
    dependency: transitive
    description:
      name: meta
      url: "https://pub.dartlang.org"
    source: hosted
    version: "1.3.0"
  mobx:
    dependency: transitive
    description:
      name: mobx
      url: "https://pub.dartlang.org"
    source: hosted
    version: "2.0.4"
  path:
    dependency: transitive
    description:
      name: path
      url: "https://pub.dartlang.org"
    source: hosted
    version: "1.8.0"
  path_drawing:
    dependency: transitive
    description:
      name: path_drawing
      url: "https://pub.dartlang.org"
    source: hosted
    version: "0.5.1"
  path_parsing:
    dependency: transitive
    description:
      name: path_parsing
      url: "https://pub.dartlang.org"
    source: hosted
    version: "0.2.1"
  petitparser:
    dependency: transitive
    description:
      name: petitparser
      url: "https://pub.dartlang.org"
    source: hosted
    version: "4.1.0"
  recase:
    dependency: transitive
    description:
      name: recase
      url: "https://pub.dartlang.org"
    source: hosted
    version: "4.0.0"
  sky_engine:
    dependency: transitive
    description: flutter
    source: sdk
    version: "0.0.99"
  smooth_page_indicator:
    dependency: transitive
    description:
      name: smooth_page_indicator
      url: "https://pub.dartlang.org"
    source: hosted
    version: "0.3.0-nullsafety.0"
  source_span:
    dependency: transitive
    description:
      name: source_span
      url: "https://pub.dartlang.org"
    source: hosted
    version: "1.8.1"
  stack_trace:
    dependency: transitive
    description:
      name: stack_trace
      url: "https://pub.dartlang.org"
    source: hosted
    version: "1.10.0"
  stream_channel:
    dependency: transitive
    description:
      name: stream_channel
      url: "https://pub.dartlang.org"
    source: hosted
    version: "2.1.0"
  string_scanner:
    dependency: transitive
    description:
      name: string_scanner
      url: "https://pub.dartlang.org"
    source: hosted
    version: "1.1.0"
  supercharged:
    dependency: transitive
    description:
      name: supercharged
      url: "https://pub.dartlang.org"
    source: hosted
    version: "2.0.0"
  supercharged_dart:
    dependency: transitive
    description:
      name: supercharged_dart
      url: "https://pub.dartlang.org"
    source: hosted
    version: "2.0.0"
  term_glyph:
    dependency: transitive
    description:
      name: term_glyph
      url: "https://pub.dartlang.org"
    source: hosted
    version: "1.2.0"
  test_api:
    dependency: transitive
    description:
      name: test_api
      url: "https://pub.dartlang.org"
    source: hosted
    version: "0.3.0"
  timer_count_down:
    dependency: transitive
    description:
      name: timer_count_down
      url: "https://pub.dartlang.org"
    source: hosted
    version: "2.2.0"
  triple:
    dependency: transitive
    description:
      name: triple
      url: "https://pub.dartlang.org"
    source: hosted
    version: "1.3.0+2"
  typed_data:
    dependency: transitive
    description:
      name: typed_data
      url: "https://pub.dartlang.org"
    source: hosted
    version: "1.3.0"
  unicons:
    dependency: transitive
    description:
      name: unicons
      url: "https://pub.dartlang.org"
    source: hosted
    version: "2.0.1"
  vector_math:
    dependency: transitive
    description:
      name: vector_math
      url: "https://pub.dartlang.org"
    source: hosted
    version: "2.1.0"
  xml:
    dependency: transitive
    description:
      name: xml
      url: "https://pub.dartlang.org"
    source: hosted
    version: "5.1.2"
sdks:
  dart: ">=2.13.0 <3.0.0"
  flutter: ">=1.24.0-7.0"
